<Solution>
  <Project Path="../Bucket.Application/Bucket.Application.csproj" />
  <Project Path="../Bucket.Common/Bucket.Common.csproj" Id="1ea3bc03-57f2-43dc-bca9-8cc8a260623a" />
  <Project Path="../Bucket.Contract/Bucket.Contract.csproj" />
  <Project Path="../Bucket.Infrastructure/Bucket.Infrastructure.csproj" />
  <Project Path="Bucket.Api.csproj" />
</Solution>
